
Microsoft Visual Studio Solution File, Format Version 11.00
# Visual Studio 2010
Project("{FAE04EC0-301F-11D3-BF4B-00C04F79EFBC}") = "MonoDroid", "MonoDroid\MonoDroid.csproj", "{A3900426-8A60-473D-A454-3B5C124946D4}"
EndProject
Project("{FAE04EC0-301F-11D3-BF4B-00C04F79EFBC}") = "android", "android\android.csproj", "{4C491434-C5BB-41B9-B8E6-433EBE16EC4A}"
EndProject
Project("{FAE04EC0-301F-11D3-BF4B-00C04F79EFBC}") = "MonoJavaBridge", "JavaBridge\MonoJavaBridge.csproj", "{9E6B94B9-A8CA-4497-838F-52620C9B6220}"
EndProject
Global
	GlobalSection(SolutionConfigurationPlatforms) = preSolution
	EndGlobalSection
	GlobalSection(ProjectConfigurationPlatforms) = postSolution
	EndGlobalSection
	GlobalSection(MonoDevelopProperties) = preSolution
		StartupItem = MonoDroid\MonoDroid.csproj
	EndGlobalSection
EndGlobal
